
Microsoft Visual Studio Solution File, Format Version 12.00
# Visual Studio Version 17
VisualStudioVersion = 17.2.32505.173
MinimumVisualStudioVersion = 10.0.40219.1
Project("{9A19103F-16F7-4668-BE54-9A1E7A4F7556}") = "DiceRoller", "DiceRoller\DiceRoller.csproj", "{A5846716-A766-4D58-946F-4A8816871963}"
EndProject
Project("{9A19103F-16F7-4668-BE54-9A1E7A4F7556}") = "DiceRoller.Model", "DiceRoll.Model\DiceRoller.Model.csproj", "{4A9349B6-AA00-42E7-9F72-29F315B5EA41}"
EndProject
Project("{9A19103F-16F7-4668-BE54-9A1E7A4F7556}") = "DiceRoller.ViewModel", "DiceRoll.ViewModel\DiceRoller.ViewModel.csproj", "{9C0749F0-F6DF-4F20-9BFE-AF8BE06BBBF0}"
EndProject
Project("{2150E333-8FDC-42A3-9474-1A3956D46DE8}") = "GlobalSettings", "GlobalSettings", "{117947FE-1D0E-4AE0-8349-CCBFE119E22A}"
	ProjectSection(SolutionItems) = preProject
		Directory.Build.props = Directory.Build.props
	EndProjectSection
EndProject
Project("{FAE04EC0-301F-11D3-BF4B-00C04F79EFBC}") = "DiceRoller.UiServices", "DiceRoller.UiServices\DiceRoller.UiServices.csproj", "{DF589A32-1AD5-4385-9196-2575436A983C}"
EndProject
Global
	GlobalSection(SolutionConfigurationPlatforms) = preSolution
		Debug|Any CPU = Debug|Any CPU
		Release|Any CPU = Release|Any CPU
	EndGlobalSection
	GlobalSection(ProjectConfigurationPlatforms) = postSolution
		{A5846716-A766-4D58-946F-4A8816871963}.Debug|Any CPU.ActiveCfg = Debug|Any CPU
		{A5846716-A766-4D58-946F-4A8816871963}.Debug|Any CPU.Build.0 = Debug|Any CPU
		{A5846716-A766-4D58-946F-4A8816871963}.Release|Any CPU.ActiveCfg = Release|Any CPU
		{A5846716-A766-4D58-946F-4A8816871963}.Release|Any CPU.Build.0 = Release|Any CPU
		{4A9349B6-AA00-42E7-9F72-29F315B5EA41}.Debug|Any CPU.ActiveCfg = Debug|Any CPU
		{4A9349B6-AA00-42E7-9F72-29F315B5EA41}.Debug|Any CPU.Build.0 = Debug|Any CPU
		{4A9349B6-AA00-42E7-9F72-29F315B5EA41}.Release|Any CPU.ActiveCfg = Release|Any CPU
		{4A9349B6-AA00-42E7-9F72-29F315B5EA41}.Release|Any CPU.Build.0 = Release|Any CPU
		{9C0749F0-F6DF-4F20-9BFE-AF8BE06BBBF0}.Debug|Any CPU.ActiveCfg = Debug|Any CPU
		{9C0749F0-F6DF-4F20-9BFE-AF8BE06BBBF0}.Debug|Any CPU.Build.0 = Debug|Any CPU
		{9C0749F0-F6DF-4F20-9BFE-AF8BE06BBBF0}.Release|Any CPU.ActiveCfg = Release|Any CPU
		{9C0749F0-F6DF-4F20-9BFE-AF8BE06BBBF0}.Release|Any CPU.Build.0 = Release|Any CPU
		{DF589A32-1AD5-4385-9196-2575436A983C}.Debug|Any CPU.ActiveCfg = Debug|Any CPU
		{DF589A32-1AD5-4385-9196-2575436A983C}.Debug|Any CPU.Build.0 = Debug|Any CPU
		{DF589A32-1AD5-4385-9196-2575436A983C}.Release|Any CPU.ActiveCfg = Release|Any CPU
		{DF589A32-1AD5-4385-9196-2575436A983C}.Release|Any CPU.Build.0 = Release|Any CPU
	EndGlobalSection
	GlobalSection(SolutionProperties) = preSolution
		HideSolutionNode = FALSE
	EndGlobalSection
	GlobalSection(ExtensibilityGlobals) = postSolution
		SolutionGuid = {09A24995-1E6B-47FD-8707-DEAC95300525}
	EndGlobalSection
EndGlobal
